<?xml version="1.0" encoding="utf-8"?>
<Project ToolsVersion="4.0" xmlns="http://schemas.microsoft.com/developer/msbuild/2003">
  <ItemGroup>
    <Filter Include="Source Files">
      <UniqueIdentifier>{4FC737F1-C7A5-4376-A066-2A32D752A2FF}</UniqueIdentifier>
      <Extensions>cpp;c;cc;cxx;c++;cppm;ixx;def;odl;idl;hpj;bat;asm;asmx</Extensions>
    </Filter>
    <Filter Include="Header Files">
      <UniqueIdentifier>{93995380-89BD-4b04-88EB-625FBE52EBFB}</UniqueIdentifier>
      <Extensions>h;hh;hpp;hxx;h++;hm;inl;inc;ipp;xsd</Extensions>
    </Filter>
    <Filter Include="Resource Files">
      <UniqueIdentifier>{67DA6AB6-F800-4c08-8B7A-83BB121AAD01}</UniqueIdentifier>
      <Extensions>rc;ico;cur;bmp;dlg;rc2;rct;bin;rgs;gif;jpg;jpeg;jpe;resx;tiff;tif;png;wav;mfcribbon-ms</Extensions>
    </Filter>
    <Filter Include="data">
      <UniqueIdentifier>{59ab55d1-2140-4a78-b3d6-653f66dcf76c}</UniqueIdentifier>
    </Filter>
    <Filter Include="utilities">
      <UniqueIdentifier>{c4815f0c-f761-4dec-b074-3ec5e371375a}</UniqueIdentifier>
    </Filter>
    <Filter Include="lua">
      <UniqueIdentifier>{d96fd3ee-a82e-462a-a61c-0514440d8fb2}</UniqueIdentifier>
    </Filter>
    <Filter Include="lua\Resource Files">
      <UniqueIdentifier>{bca1de8b-64cd-4c2c-bdc6-966fa2bd4586}</UniqueIdentifier>
    </Filter>
    <Filter Include="3rd-party">
      <UniqueIdentifier>{88a42a32-d132-435b-8bdc-8cd5b1905048}</UniqueIdentifier>
    </Filter>
    <Filter Include="3rd-party\tinyxml2">
      <UniqueIdentifier>{1fb3d052-f449-4485-bbc1-e69b39394bd1}</UniqueIdentifier>
    </Filter>
    <Filter Include="3rd-party\xyz_math">
      <UniqueIdentifier>{3a43e98b-97af-4bd0-85fa-76cb14203680}</UniqueIdentifier>
    </Filter>
    <Filter Include="commands">
      <UniqueIdentifier>{c1e42adc-2400-4cfa-9cf5-f91a912addd6}</UniqueIdentifier>
    </Filter>
    <Filter Include="lua\types">
      <UniqueIdentifier>{e388a7c8-149e-4509-94c6-6ac83e01fb89}</UniqueIdentifier>
    </Filter>
    <Filter Include="commands\generator">
      <UniqueIdentifier>{b982462c-553c-4e8a-9d75-86f8749a39c6}</UniqueIdentifier>
    </Filter>
    <Filter Include="commands\io">
      <UniqueIdentifier>{96b0a160-896d-4ce8-b6d1-9e172919ecff}</UniqueIdentifier>
    </Filter>
    <Filter Include="commands\edit">
      <UniqueIdentifier>{34bad5c1-9afb-45db-9f22-e5f5d2f5c29b}</UniqueIdentifier>
    </Filter>
  </ItemGroup>
  <ItemGroup>
    <ClCompile Include="MeshProc.cpp">
      <Filter>Source Files</Filter>
    </ClCompile>
    <ClCompile Include="CmdLineArgs.cpp">
      <Filter>Source Files</Filter>
    </ClCompile>
    <ClCompile Include="3rd-party\tinyxml2\tinyxml2.cpp">
      <Filter>3rd-party\tinyxml2</Filter>
    </ClCompile>
    <ClCompile Include="utilities\StringUtilities.cpp">
      <Filter>utilities</Filter>
    </ClCompile>
    <ClCompile Include="lua\CommandCreator.cpp">
      <Filter>lua</Filter>
    </ClCompile>
    <ClCompile Include="lua\LogFunctions.cpp">
      <Filter>lua</Filter>
    </ClCompile>
    <ClCompile Include="lua\LuaUtilities.cpp">
      <Filter>lua</Filter>
    </ClCompile>
    <ClCompile Include="lua\Runner.cpp">
      <Filter>lua</Filter>
    </ClCompile>
    <ClCompile Include="data\Triangle.cpp">
      <Filter>data</Filter>
    </ClCompile>
    <ClCompile Include="data\Mesh.cpp">
      <Filter>data</Filter>
    </ClCompile>
    <ClCompile Include="data\Scene.cpp">
      <Filter>data</Filter>
    </ClCompile>
    <ClCompile Include="data\Shape2D.cpp">
      <Filter>data</Filter>
    </ClCompile>
    <ClCompile Include="data\HalfSpace.cpp">
      <Filter>data</Filter>
    </ClCompile>
    <ClCompile Include="data\HashableEdge.cpp">
      <Filter>data</Filter>
    </ClCompile>
    <ClCompile Include="lua\VersionCheck.cpp">
      <Filter>lua</Filter>
    </ClCompile>
    <ClCompile Include="commands\AbstractCommand.cpp">
      <Filter>commands</Filter>
    </ClCompile>
    <ClCompile Include="commands\Parameter.cpp">
      <Filter>commands</Filter>
    </ClCompile>
    <ClCompile Include="commands\ParameterBinding.cpp">
      <Filter>commands</Filter>
    </ClCompile>
    <ClCompile Include="commands\CommandFactory.cpp">
      <Filter>commands</Filter>
    </ClCompile>
    <ClCompile Include="commands\CommandRegistration.cpp">
      <Filter>commands</Filter>
    </ClCompile>
    <ClCompile Include="lua\types\AbstractType.cpp">
      <Filter>lua\types</Filter>
    </ClCompile>
    <ClCompile Include="lua\types\SceneType.cpp">
      <Filter>lua\types</Filter>
    </ClCompile>
    <ClCompile Include="lua\types\GlmVec2Type.cpp">
      <Filter>lua\types</Filter>
    </ClCompile>
    <ClCompile Include="lua\types\GlmVec3Type.cpp">
      <Filter>lua\types</Filter>
    </ClCompile>
    <ClCompile Include="lua\types\GlmMat4Type.cpp">
      <Filter>lua\types</Filter>
    </ClCompile>
    <ClCompile Include="lua\types\MeshType.cpp">
      <Filter>lua\types</Filter>
    </ClCompile>
    <ClCompile Include="commands\generator\Cuboid.cpp">
      <Filter>commands\generator</Filter>
    </ClCompile>
    <ClCompile Include="lua\types\CommandType.cpp">
      <Filter>lua\types</Filter>
    </ClCompile>
    <ClCompile Include="commands\io\PlyReader.cpp">
      <Filter>commands\io</Filter>
    </ClCompile>
    <ClCompile Include="commands\io\PlyWriter.cpp">
      <Filter>commands\io</Filter>
    </ClCompile>
    <ClCompile Include="commands\io\StlReader.cpp">
      <Filter>commands\io</Filter>
    </ClCompile>
    <ClCompile Include="commands\io\StlWriter.cpp">
      <Filter>commands\io</Filter>
    </ClCompile>
    <ClCompile Include="commands\io\ObjReader.cpp">
      <Filter>commands\io</Filter>
    </ClCompile>
    <ClCompile Include="commands\io\ObjWriter.cpp">
      <Filter>commands\io</Filter>
    </ClCompile>
    <ClCompile Include="commands\generator\Icosahedron.cpp">
      <Filter>commands\generator</Filter>
    </ClCompile>
    <ClCompile Include="commands\generator\Octahedron.cpp">
      <Filter>commands\generator</Filter>
    </ClCompile>
    <ClCompile Include="commands\edit\Subdivision.cpp">
      <Filter>commands\edit</Filter>
    </ClCompile>
    <ClCompile Include="lua\types\GlmUVec3Type.cpp">
      <Filter>lua\types</Filter>
    </ClCompile>
    <ClCompile Include="commands\generator\SphereIco.cpp">
      <Filter>commands\generator</Filter>
    </ClCompile>
  </ItemGroup>
  <ItemGroup>
    <None Include="demo.lua" />
    <None Include="3rd-party\tinyxml2\README.md">
      <Filter>3rd-party\tinyxml2</Filter>
    </None>
    <None Include="3rd-party\xyz_math\xyz_math.lua">
      <Filter>3rd-party\xyz_math</Filter>
    </None>
    <None Include="3rd-party\xyz_math\README.md">
      <Filter>3rd-party\xyz_math</Filter>
    </None>
    <None Include="vcpkg.json" />
    <None Include="vcpkg-configuration.json" />
    <None Include="commands\CommandRegistration.inc">
      <Filter>commands</Filter>
    </None>
  </ItemGroup>
  <ItemGroup>
    <ClInclude Include="CmdLineArgs.h">
      <Filter>Header Files</Filter>
    </ClInclude>
    <ClInclude Include="VersionInfo.h">
      <Filter>Header Files</Filter>
    </ClInclude>
    <ClInclude Include="3rd-party\tinyxml2\tinyxml2.h">
      <Filter>3rd-party\tinyxml2</Filter>
    </ClInclude>
    <ClInclude Include="utilities\StringUtilities.h">
      <Filter>utilities</Filter>
    </ClInclude>
    <ClInclude Include="lua\CommandCreator.h">
      <Filter>lua</Filter>
    </ClInclude>
    <ClInclude Include="lua\LogFunctions.h">
      <Filter>lua</Filter>
    </ClInclude>
    <ClInclude Include="lua\LuaResources.h">
      <Filter>lua</Filter>
    </ClInclude>
    <ClInclude Include="lua\LuaUtilities.h">
      <Filter>lua</Filter>
    </ClInclude>
    <ClInclude Include="lua\Runner.h">
      <Filter>lua</Filter>
    </ClInclude>
    <ClInclude Include="data\Mesh.h">
      <Filter>data</Filter>
    </ClInclude>
    <ClInclude Include="data\Scene.h">
      <Filter>data</Filter>
    </ClInclude>
    <ClInclude Include="data\Shape2D.h">
      <Filter>data</Filter>
    </ClInclude>
    <ClInclude Include="data\Triangle.h">
      <Filter>data</Filter>
    </ClInclude>
    <ClInclude Include="data\HalfSpace.h">
      <Filter>data</Filter>
    </ClInclude>
    <ClInclude Include="data\HashableEdge.h">
      <Filter>data</Filter>
    </ClInclude>
    <ClInclude Include="lua\VersionCheck.h">
      <Filter>lua</Filter>
    </ClInclude>
    <ClInclude Include="commands\AbstractCommand.h">
      <Filter>commands</Filter>
    </ClInclude>
    <ClInclude Include="commands\Parameter.h">
      <Filter>commands</Filter>
    </ClInclude>
    <ClInclude Include="commands\ParameterBinding.h">
      <Filter>commands</Filter>
    </ClInclude>
    <ClInclude Include="commands\CommandRegistration.h">
      <Filter>commands</Filter>
    </ClInclude>
    <ClInclude Include="commands\CommandFactory.h">
      <Filter>commands</Filter>
    </ClInclude>
    <ClInclude Include="lua\types\AbstractType.h">
      <Filter>lua\types</Filter>
    </ClInclude>
    <ClInclude Include="lua\types\SceneType.h">
      <Filter>lua\types</Filter>
    </ClInclude>
    <ClInclude Include="lua\types\GlmVec2Type.h">
      <Filter>lua\types</Filter>
    </ClInclude>
    <ClInclude Include="lua\types\GlmVec3Type.h">
      <Filter>lua\types</Filter>
    </ClInclude>
    <ClInclude Include="lua\types\GlmMat4Type.h">
      <Filter>lua\types</Filter>
    </ClInclude>
    <ClInclude Include="lua\types\MeshType.h">
      <Filter>lua\types</Filter>
    </ClInclude>
    <ClInclude Include="commands\generator\Cuboid.h">
      <Filter>commands\generator</Filter>
    </ClInclude>
    <ClInclude Include="lua\types\CommandType.h">
      <Filter>lua\types</Filter>
    </ClInclude>
    <ClInclude Include="commands\io\PlyReader.h">
      <Filter>commands\io</Filter>
    </ClInclude>
    <ClInclude Include="commands\io\PlyWriter.h">
      <Filter>commands\io</Filter>
    </ClInclude>
    <ClInclude Include="commands\io\StlReader.h">
      <Filter>commands\io</Filter>
    </ClInclude>
    <ClInclude Include="commands\io\StlWriter.h">
      <Filter>commands\io</Filter>
    </ClInclude>
    <ClInclude Include="commands\io\ObjReader.h">
      <Filter>commands\io</Filter>
    </ClInclude>
    <ClInclude Include="commands\io\ObjWriter.h">
      <Filter>commands\io</Filter>
    </ClInclude>
    <ClInclude Include="commands\generator\Icosahedron.h">
      <Filter>commands\generator</Filter>
    </ClInclude>
    <ClInclude Include="commands\generator\Octahedron.h">
      <Filter>commands\generator</Filter>
    </ClInclude>
    <ClInclude Include="commands\edit\Subdivision.h">
      <Filter>commands\edit</Filter>
    </ClInclude>
    <ClInclude Include="lua\types\GlmUVec3Type.h">
      <Filter>lua\types</Filter>
    </ClInclude>
    <ClInclude Include="utilities\LoopsFromEdges.h">
      <Filter>utilities</Filter>
    </ClInclude>
    <ClInclude Include="commands\generator\SphereIco.h">
      <Filter>commands\generator</Filter>
    </ClInclude>
  </ItemGroup>
  <ItemGroup>
    <ResourceCompile Include="lua\LuaResources.rc">
      <Filter>lua\Resource Files</Filter>
    </ResourceCompile>
    <ResourceCompile Include="VersionInfo.rc">
      <Filter>Resource Files</Filter>
    </ResourceCompile>
  </ItemGroup>
  <ItemGroup>
    <CustomBuild Include="packages.config" />
  </ItemGroup>
</Project>